
Microsoft Visual Studio Solution File, Format Version 12.00
# Visual Studio Version 17
VisualStudioVersion = 17.1.32414.318
MinimumVisualStudioVersion = 10.0.40219.1
Project("{8BC9CEB8-8B4A-11D0-8D11-00A0C91BC942}") = "last version", "last version\last version.vcxproj", "{2B9DBD9F-5BA6-419E-8E7D-26E4AF81644D}"
EndProject
Global
	GlobalSection(SolutionConfigurationPlatforms) = preSolution
		Debug|x64 = Debug|x64
		Debug|x86 = Debug|x86
		Release|x64 = Release|x64
		Release|x86 = Release|x86
	EndGlobalSection
	GlobalSection(ProjectConfigurationPlatforms) = postSolution
		{2B9DBD9F-5BA6-419E-8E7D-26E4AF81644D}.Debug|x64.ActiveCfg = Debug|x64
		{2B9DBD9F-5BA6-419E-8E7D-26E4AF81644D}.Debug|x64.Build.0 = Debug|x64
		{2B9DBD9F-5BA6-419E-8E7D-26E4AF81644D}.Debug|x86.ActiveCfg = Debug|Win32
		{2B9DBD9F-5BA6-419E-8E7D-26E4AF81644D}.Debug|x86.Build.0 = Debug|Win32
		{2B9DBD9F-5BA6-419E-8E7D-26E4AF81644D}.Release|x64.ActiveCfg = Release|x64
		{2B9DBD9F-5BA6-419E-8E7D-26E4AF81644D}.Release|x64.Build.0 = Release|x64
		{2B9DBD9F-5BA6-419E-8E7D-26E4AF81644D}.Release|x86.ActiveCfg = Release|Win32
		{2B9DBD9F-5BA6-419E-8E7D-26E4AF81644D}.Release|x86.Build.0 = Release|Win32
	EndGlobalSection
	GlobalSection(SolutionProperties) = preSolution
		HideSolutionNode = FALSE
	EndGlobalSection
	GlobalSection(ExtensibilityGlobals) = postSolution
		SolutionGuid = {AC923DC1-0DBA-4D15-BA97-2627EA192089}
	EndGlobalSection
EndGlobal
